
Microsoft Visual Studio Solution File, Format Version 12.00
# Visual Studio Version 16
VisualStudioVersion = 16.0.30503.244
MinimumVisualStudioVersion = 10.0.40219.1
Project("{FAE04EC0-301F-11D3-BF4B-00C04F79EFBC}") = "ProjetoIMC", "ProjetoIMC.csproj", "{F2228FA2-3E3D-453D-9CE7-60AF3E54ECDA}"
EndProject
Global
	GlobalSection(SolutionConfigurationPlatforms) = preSolution
		Debug|Any CPU = Debug|Any CPU
		Release|Any CPU = Release|Any CPU
	EndGlobalSection
	GlobalSection(ProjectConfigurationPlatforms) = postSolution
		{F2228FA2-3E3D-453D-9CE7-60AF3E54ECDA}.Debug|Any CPU.ActiveCfg = Debug|Any CPU
		{F2228FA2-3E3D-453D-9CE7-60AF3E54ECDA}.Debug|Any CPU.Build.0 = Debug|Any CPU
		{F2228FA2-3E3D-453D-9CE7-60AF3E54ECDA}.Release|Any CPU.ActiveCfg = Release|Any CPU
		{F2228FA2-3E3D-453D-9CE7-60AF3E54ECDA}.Release|Any CPU.Build.0 = Release|Any CPU
	EndGlobalSection
	GlobalSection(SolutionProperties) = preSolution
		HideSolutionNode = FALSE
	EndGlobalSection
	GlobalSection(ExtensibilityGlobals) = postSolution
		SolutionGuid = {C7532795-AB61-4DCC-ABC9-B162E74242B0}
	EndGlobalSection
EndGlobal
