
Microsoft Visual Studio Solution File, Format Version 12.00
# Visual Studio Version 16
VisualStudioVersion = 16.0.30503.244
MinimumVisualStudioVersion = 10.0.40219.1
Project("{FAE04EC0-301F-11D3-BF4B-00C04F79EFBC}") = "ProjetoAbacaxi", "ProjetoAbacaxi.csproj", "{F2FACF93-EB52-4897-9F86-13CFF18721FD}"
EndProject
Global
	GlobalSection(SolutionConfigurationPlatforms) = preSolution
		Debug|Any CPU = Debug|Any CPU
		Release|Any CPU = Release|Any CPU
	EndGlobalSection
	GlobalSection(ProjectConfigurationPlatforms) = postSolution
		{F2FACF93-EB52-4897-9F86-13CFF18721FD}.Debug|Any CPU.ActiveCfg = Debug|Any CPU
		{F2FACF93-EB52-4897-9F86-13CFF18721FD}.Debug|Any CPU.Build.0 = Debug|Any CPU
		{F2FACF93-EB52-4897-9F86-13CFF18721FD}.Release|Any CPU.ActiveCfg = Release|Any CPU
		{F2FACF93-EB52-4897-9F86-13CFF18721FD}.Release|Any CPU.Build.0 = Release|Any CPU
	EndGlobalSection
	GlobalSection(SolutionProperties) = preSolution
		HideSolutionNode = FALSE
	EndGlobalSection
	GlobalSection(ExtensibilityGlobals) = postSolution
		SolutionGuid = {1175EF21-28BF-4017-8B0B-3EA9A0146DE0}
	EndGlobalSection
EndGlobal
