
Microsoft Visual Studio Solution File, Format Version 12.00
# Visual Studio Version 16
VisualStudioVersion = 16.0.30503.244
MinimumVisualStudioVersion = 10.0.40219.1
Project("{FAE04EC0-301F-11D3-BF4B-00C04F79EFBC}") = "TiposDados", "TiposDados\TiposDados.csproj", "{EF130F25-EA7A-410C-A191-35F3FB9BD16C}"
EndProject
Global
	GlobalSection(SolutionConfigurationPlatforms) = preSolution
		Debug|Any CPU = Debug|Any CPU
		Release|Any CPU = Release|Any CPU
	EndGlobalSection
	GlobalSection(ProjectConfigurationPlatforms) = postSolution
		{EF130F25-EA7A-410C-A191-35F3FB9BD16C}.Debug|Any CPU.ActiveCfg = Debug|Any CPU
		{EF130F25-EA7A-410C-A191-35F3FB9BD16C}.Debug|Any CPU.Build.0 = Debug|Any CPU
		{EF130F25-EA7A-410C-A191-35F3FB9BD16C}.Release|Any CPU.ActiveCfg = Release|Any CPU
		{EF130F25-EA7A-410C-A191-35F3FB9BD16C}.Release|Any CPU.Build.0 = Release|Any CPU
	EndGlobalSection
	GlobalSection(SolutionProperties) = preSolution
		HideSolutionNode = FALSE
	EndGlobalSection
	GlobalSection(ExtensibilityGlobals) = postSolution
		SolutionGuid = {A214304E-BD0A-4DC7-AAB1-72653CD7F05C}
	EndGlobalSection
EndGlobal
